
Microsoft Visual Studio Solution File, Format Version 12.00
# Visual Studio Version 17
VisualStudioVersion = 17.0.31903.59
MinimumVisualStudioVersion = 10.0.40219.1
Project("{2150E333-8FDC-42A3-9474-1A3956D46DE8}") = "src", "src", "{827E0CD3-B72D-47B6-A68D-7590B98EB39B}"
EndProject
Project("{FAE04EC0-301F-11D3-BF4B-00C04F79EFBC}") = "AIUsageMonitor.Desktop", "src\AIUsageMonitor.Desktop\AIUsageMonitor.Desktop.csproj", "{AA1BB444-5C7F-4F1E-B376-BFE9AE13D8AC}"
EndProject
Project("{FAE04EC0-301F-11D3-BF4B-00C04F79EFBC}") = "AIUsageMonitor.Application", "src\AIUsageMonitor.Application\AIUsageMonitor.Application.csproj", "{1695FB00-5199-45B8-BD02-FAF3BC752C07}"
EndProject
Project("{FAE04EC0-301F-11D3-BF4B-00C04F79EFBC}") = "AIUsageMonitor.Domain", "src\AIUsageMonitor.Domain\AIUsageMonitor.Domain.csproj", "{F79352E0-A4BD-42F6-842B-120FC1E2E2C5}"
EndProject
Project("{FAE04EC0-301F-11D3-BF4B-00C04F79EFBC}") = "AIUsageMonitor.Infrastructure", "src\AIUsageMonitor.Infrastructure\AIUsageMonitor.Infrastructure.csproj", "{3F3BEAA1-FC46-49D8-A37B-116B9E0778F6}"
EndProject
Project("{FAE04EC0-301F-11D3-BF4B-00C04F79EFBC}") = "AIUsageMonitor.Providers", "src\AIUsageMonitor.Providers\AIUsageMonitor.Providers.csproj", "{EE9176C8-1C96-4787-8886-902E532093D0}"
EndProject
Project("{2150E333-8FDC-42A3-9474-1A3956D46DE8}") = "tests", "tests", "{0AB3BF05-4346-4AA6-1389-037BE0695223}"
EndProject
Project("{FAE04EC0-301F-11D3-BF4B-00C04F79EFBC}") = "AIUsageMonitor.Domain.Tests", "tests\AIUsageMonitor.Domain.Tests\AIUsageMonitor.Domain.Tests.csproj", "{5960036C-F9B0-4921-A727-814112D75624}"
EndProject
Project("{FAE04EC0-301F-11D3-BF4B-00C04F79EFBC}") = "AIUsageMonitor.Provider.Tests", "tests\AIUsageMonitor.Provider.Tests\AIUsageMonitor.Provider.Tests.csproj", "{95FF0A67-693A-4CB0-A388-BACAF4550078}"
EndProject
Project("{FAE04EC0-301F-11D3-BF4B-00C04F79EFBC}") = "AIUsageMonitor.Infrastructure.Tests", "tests\AIUsageMonitor.Infrastructure.Tests\AIUsageMonitor.Infrastructure.Tests.csproj", "{95C7B8A3-FD1D-4843-8DC0-FE3F9640E23E}"
EndProject
Project("{FAE04EC0-301F-11D3-BF4B-00C04F79EFBC}") = "AIUsageMonitor.Desktop.Tests", "tests\AIUsageMonitor.Desktop.Tests\AIUsageMonitor.Desktop.Tests.csproj", "{CE5AC0E2-F1F3-4EB9-9677-839C87E53636}"
EndProject
Project("{FAE04EC0-301F-11D3-BF4B-00C04F79EFBC}") = "AIUsageMonitor.Connection.Tests", "tests\AIUsageMonitor.Connection.Tests\AIUsageMonitor.Connection.Tests.csproj", "{E8A8D42F-8F86-4BC2-A1D9-A0C4F2F53B17}"
EndProject
Global
	GlobalSection(SolutionConfigurationPlatforms) = preSolution
		Debug|Any CPU = Debug|Any CPU
		Debug|ARM64 = Debug|ARM64
		Debug|x64 = Debug|x64
		Debug|x86 = Debug|x86
		Release|Any CPU = Release|Any CPU
		Release|ARM64 = Release|ARM64
		Release|x64 = Release|x64
		Release|x86 = Release|x86
	EndGlobalSection
	GlobalSection(ProjectConfigurationPlatforms) = postSolution
		{AA1BB444-5C7F-4F1E-B376-BFE9AE13D8AC}.Debug|Any CPU.ActiveCfg = Debug|x64
		{AA1BB444-5C7F-4F1E-B376-BFE9AE13D8AC}.Debug|Any CPU.Build.0 = Debug|x64
		{AA1BB444-5C7F-4F1E-B376-BFE9AE13D8AC}.Debug|ARM64.ActiveCfg = Debug|ARM64
		{AA1BB444-5C7F-4F1E-B376-BFE9AE13D8AC}.Debug|ARM64.Build.0 = Debug|ARM64
		{AA1BB444-5C7F-4F1E-B376-BFE9AE13D8AC}.Debug|x64.ActiveCfg = Debug|x64
		{AA1BB444-5C7F-4F1E-B376-BFE9AE13D8AC}.Debug|x64.Build.0 = Debug|x64
		{AA1BB444-5C7F-4F1E-B376-BFE9AE13D8AC}.Debug|x86.ActiveCfg = Debug|x86
		{AA1BB444-5C7F-4F1E-B376-BFE9AE13D8AC}.Debug|x86.Build.0 = Debug|x86
		{AA1BB444-5C7F-4F1E-B376-BFE9AE13D8AC}.Release|Any CPU.ActiveCfg = Release|x64
		{AA1BB444-5C7F-4F1E-B376-BFE9AE13D8AC}.Release|Any CPU.Build.0 = Release|x64
		{AA1BB444-5C7F-4F1E-B376-BFE9AE13D8AC}.Release|ARM64.ActiveCfg = Release|ARM64
		{AA1BB444-5C7F-4F1E-B376-BFE9AE13D8AC}.Release|ARM64.Build.0 = Release|ARM64
		{AA1BB444-5C7F-4F1E-B376-BFE9AE13D8AC}.Release|x64.ActiveCfg = Release|x64
		{AA1BB444-5C7F-4F1E-B376-BFE9AE13D8AC}.Release|x64.Build.0 = Release|x64
		{AA1BB444-5C7F-4F1E-B376-BFE9AE13D8AC}.Release|x86.ActiveCfg = Release|x86
		{AA1BB444-5C7F-4F1E-B376-BFE9AE13D8AC}.Release|x86.Build.0 = Release|x86
		{1695FB00-5199-45B8-BD02-FAF3BC752C07}.Debug|Any CPU.ActiveCfg = Debug|Any CPU
		{1695FB00-5199-45B8-BD02-FAF3BC752C07}.Debug|Any CPU.Build.0 = Debug|Any CPU
		{1695FB00-5199-45B8-BD02-FAF3BC752C07}.Debug|ARM64.ActiveCfg = Debug|Any CPU
		{1695FB00-5199-45B8-BD02-FAF3BC752C07}.Debug|ARM64.Build.0 = Debug|Any CPU
		{1695FB00-5199-45B8-BD02-FAF3BC752C07}.Debug|x64.ActiveCfg = Debug|Any CPU
		{1695FB00-5199-45B8-BD02-FAF3BC752C07}.Debug|x64.Build.0 = Debug|Any CPU
		{1695FB00-5199-45B8-BD02-FAF3BC752C07}.Debug|x86.ActiveCfg = Debug|Any CPU
		{1695FB00-5199-45B8-BD02-FAF3BC752C07}.Debug|x86.Build.0 = Debug|Any CPU
		{1695FB00-5199-45B8-BD02-FAF3BC752C07}.Release|Any CPU.ActiveCfg = Release|Any CPU
		{1695FB00-5199-45B8-BD02-FAF3BC752C07}.Release|Any CPU.Build.0 = Release|Any CPU
		{1695FB00-5199-45B8-BD02-FAF3BC752C07}.Release|ARM64.ActiveCfg = Release|Any CPU
		{1695FB00-5199-45B8-BD02-FAF3BC752C07}.Release|ARM64.Build.0 = Release|Any CPU
		{1695FB00-5199-45B8-BD02-FAF3BC752C07}.Release|x64.ActiveCfg = Release|Any CPU
		{1695FB00-5199-45B8-BD02-FAF3BC752C07}.Release|x64.Build.0 = Release|Any CPU
		{1695FB00-5199-45B8-BD02-FAF3BC752C07}.Release|x86.ActiveCfg = Release|Any CPU
		{1695FB00-5199-45B8-BD02-FAF3BC752C07}.Release|x86.Build.0 = Release|Any CPU
		{F79352E0-A4BD-42F6-842B-120FC1E2E2C5}.Debug|Any CPU.ActiveCfg = Debug|Any CPU
		{F79352E0-A4BD-42F6-842B-120FC1E2E2C5}.Debug|Any CPU.Build.0 = Debug|Any CPU
		{F79352E0-A4BD-42F6-842B-120FC1E2E2C5}.Debug|ARM64.ActiveCfg = Debug|Any CPU
		{F79352E0-A4BD-42F6-842B-120FC1E2E2C5}.Debug|ARM64.Build.0 = Debug|Any CPU
		{F79352E0-A4BD-42F6-842B-120FC1E2E2C5}.Debug|x64.ActiveCfg = Debug|Any CPU
		{F79352E0-A4BD-42F6-842B-120FC1E2E2C5}.Debug|x64.Build.0 = Debug|Any CPU
		{F79352E0-A4BD-42F6-842B-120FC1E2E2C5}.Debug|x86.ActiveCfg = Debug|Any CPU
		{F79352E0-A4BD-42F6-842B-120FC1E2E2C5}.Debug|x86.Build.0 = Debug|Any CPU
		{F79352E0-A4BD-42F6-842B-120FC1E2E2C5}.Release|Any CPU.ActiveCfg = Release|Any CPU
		{F79352E0-A4BD-42F6-842B-120FC1E2E2C5}.Release|Any CPU.Build.0 = Release|Any CPU
		{F79352E0-A4BD-42F6-842B-120FC1E2E2C5}.Release|ARM64.ActiveCfg = Release|Any CPU
		{F79352E0-A4BD-42F6-842B-120FC1E2E2C5}.Release|ARM64.Build.0 = Release|Any CPU
		{F79352E0-A4BD-42F6-842B-120FC1E2E2C5}.Release|x64.ActiveCfg = Release|Any CPU
		{F79352E0-A4BD-42F6-842B-120FC1E2E2C5}.Release|x64.Build.0 = Release|Any CPU
		{F79352E0-A4BD-42F6-842B-120FC1E2E2C5}.Release|x86.ActiveCfg = Release|Any CPU
		{F79352E0-A4BD-42F6-842B-120FC1E2E2C5}.Release|x86.Build.0 = Release|Any CPU
		{3F3BEAA1-FC46-49D8-A37B-116B9E0778F6}.Debug|Any CPU.ActiveCfg = Debug|Any CPU
		{3F3BEAA1-FC46-49D8-A37B-116B9E0778F6}.Debug|Any CPU.Build.0 = Debug|Any CPU
		{3F3BEAA1-FC46-49D8-A37B-116B9E0778F6}.Debug|ARM64.ActiveCfg = Debug|Any CPU
		{3F3BEAA1-FC46-49D8-A37B-116B9E0778F6}.Debug|ARM64.Build.0 = Debug|Any CPU
		{3F3BEAA1-FC46-49D8-A37B-116B9E0778F6}.Debug|x64.ActiveCfg = Debug|Any CPU
		{3F3BEAA1-FC46-49D8-A37B-116B9E0778F6}.Debug|x64.Build.0 = Debug|Any CPU
		{3F3BEAA1-FC46-49D8-A37B-116B9E0778F6}.Debug|x86.ActiveCfg = Debug|Any CPU
		{3F3BEAA1-FC46-49D8-A37B-116B9E0778F6}.Debug|x86.Build.0 = Debug|Any CPU
		{3F3BEAA1-FC46-49D8-A37B-116B9E0778F6}.Release|Any CPU.ActiveCfg = Release|Any CPU
		{3F3BEAA1-FC46-49D8-A37B-116B9E0778F6}.Release|Any CPU.Build.0 = Release|Any CPU
		{3F3BEAA1-FC46-49D8-A37B-116B9E0778F6}.Release|ARM64.ActiveCfg = Release|Any CPU
		{3F3BEAA1-FC46-49D8-A37B-116B9E0778F6}.Release|ARM64.Build.0 = Release|Any CPU
		{3F3BEAA1-FC46-49D8-A37B-116B9E0778F6}.Release|x64.ActiveCfg = Release|Any CPU
		{3F3BEAA1-FC46-49D8-A37B-116B9E0778F6}.Release|x64.Build.0 = Release|Any CPU
		{3F3BEAA1-FC46-49D8-A37B-116B9E0778F6}.Release|x86.ActiveCfg = Release|Any CPU
		{3F3BEAA1-FC46-49D8-A37B-116B9E0778F6}.Release|x86.Build.0 = Release|Any CPU
		{EE9176C8-1C96-4787-8886-902E532093D0}.Debug|Any CPU.ActiveCfg = Debug|Any CPU
		{EE9176C8-1C96-4787-8886-902E532093D0}.Debug|Any CPU.Build.0 = Debug|Any CPU
		{EE9176C8-1C96-4787-8886-902E532093D0}.Debug|ARM64.ActiveCfg = Debug|Any CPU
		{EE9176C8-1C96-4787-8886-902E532093D0}.Debug|ARM64.Build.0 = Debug|Any CPU
		{EE9176C8-1C96-4787-8886-902E532093D0}.Debug|x64.ActiveCfg = Debug|Any CPU
		{EE9176C8-1C96-4787-8886-902E532093D0}.Debug|x64.Build.0 = Debug|Any CPU
		{EE9176C8-1C96-4787-8886-902E532093D0}.Debug|x86.ActiveCfg = Debug|Any CPU
		{EE9176C8-1C96-4787-8886-902E532093D0}.Debug|x86.Build.0 = Debug|Any CPU
		{EE9176C8-1C96-4787-8886-902E532093D0}.Release|Any CPU.ActiveCfg = Release|Any CPU
		{EE9176C8-1C96-4787-8886-902E532093D0}.Release|Any CPU.Build.0 = Release|Any CPU
		{EE9176C8-1C96-4787-8886-902E532093D0}.Release|ARM64.ActiveCfg = Release|Any CPU
		{EE9176C8-1C96-4787-8886-902E532093D0}.Release|ARM64.Build.0 = Release|Any CPU
		{EE9176C8-1C96-4787-8886-902E532093D0}.Release|x64.ActiveCfg = Release|Any CPU
		{EE9176C8-1C96-4787-8886-902E532093D0}.Release|x64.Build.0 = Release|Any CPU
		{EE9176C8-1C96-4787-8886-902E532093D0}.Release|x86.ActiveCfg = Release|Any CPU
		{EE9176C8-1C96-4787-8886-902E532093D0}.Release|x86.Build.0 = Release|Any CPU
		{5960036C-F9B0-4921-A727-814112D75624}.Debug|Any CPU.ActiveCfg = Debug|Any CPU
		{5960036C-F9B0-4921-A727-814112D75624}.Debug|Any CPU.Build.0 = Debug|Any CPU
		{5960036C-F9B0-4921-A727-814112D75624}.Debug|ARM64.ActiveCfg = Debug|Any CPU
		{5960036C-F9B0-4921-A727-814112D75624}.Debug|ARM64.Build.0 = Debug|Any CPU
		{5960036C-F9B0-4921-A727-814112D75624}.Debug|x64.ActiveCfg = Debug|Any CPU
		{5960036C-F9B0-4921-A727-814112D75624}.Debug|x64.Build.0 = Debug|Any CPU
		{5960036C-F9B0-4921-A727-814112D75624}.Debug|x86.ActiveCfg = Debug|Any CPU
		{5960036C-F9B0-4921-A727-814112D75624}.Debug|x86.Build.0 = Debug|Any CPU
		{5960036C-F9B0-4921-A727-814112D75624}.Release|Any CPU.ActiveCfg = Release|Any CPU
		{5960036C-F9B0-4921-A727-814112D75624}.Release|Any CPU.Build.0 = Release|Any CPU
		{5960036C-F9B0-4921-A727-814112D75624}.Release|ARM64.ActiveCfg = Release|Any CPU
		{5960036C-F9B0-4921-A727-814112D75624}.Release|ARM64.Build.0 = Release|Any CPU
		{5960036C-F9B0-4921-A727-814112D75624}.Release|x64.ActiveCfg = Release|Any CPU
		{5960036C-F9B0-4921-A727-814112D75624}.Release|x64.Build.0 = Release|Any CPU
		{5960036C-F9B0-4921-A727-814112D75624}.Release|x86.ActiveCfg = Release|Any CPU
		{5960036C-F9B0-4921-A727-814112D75624}.Release|x86.Build.0 = Release|Any CPU
		{95FF0A67-693A-4CB0-A388-BACAF4550078}.Debug|Any CPU.ActiveCfg = Debug|Any CPU
		{95FF0A67-693A-4CB0-A388-BACAF4550078}.Debug|Any CPU.Build.0 = Debug|Any CPU
		{95FF0A67-693A-4CB0-A388-BACAF4550078}.Debug|ARM64.ActiveCfg = Debug|Any CPU
		{95FF0A67-693A-4CB0-A388-BACAF4550078}.Debug|ARM64.Build.0 = Debug|Any CPU
		{95FF0A67-693A-4CB0-A388-BACAF4550078}.Debug|x64.ActiveCfg = Debug|Any CPU
		{95FF0A67-693A-4CB0-A388-BACAF4550078}.Debug|x64.Build.0 = Debug|Any CPU
		{95FF0A67-693A-4CB0-A388-BACAF4550078}.Debug|x86.ActiveCfg = Debug|Any CPU
		{95FF0A67-693A-4CB0-A388-BACAF4550078}.Debug|x86.Build.0 = Debug|Any CPU
		{95FF0A67-693A-4CB0-A388-BACAF4550078}.Release|Any CPU.ActiveCfg = Release|Any CPU
		{95FF0A67-693A-4CB0-A388-BACAF4550078}.Release|Any CPU.Build.0 = Release|Any CPU
		{95FF0A67-693A-4CB0-A388-BACAF4550078}.Release|ARM64.ActiveCfg = Release|Any CPU
		{95FF0A67-693A-4CB0-A388-BACAF4550078}.Release|ARM64.Build.0 = Release|Any CPU
		{95FF0A67-693A-4CB0-A388-BACAF4550078}.Release|x64.ActiveCfg = Release|Any CPU
		{95FF0A67-693A-4CB0-A388-BACAF4550078}.Release|x64.Build.0 = Release|Any CPU
		{95FF0A67-693A-4CB0-A388-BACAF4550078}.Release|x86.ActiveCfg = Release|Any CPU
		{95FF0A67-693A-4CB0-A388-BACAF4550078}.Release|x86.Build.0 = Release|Any CPU
		{95C7B8A3-FD1D-4843-8DC0-FE3F9640E23E}.Debug|Any CPU.ActiveCfg = Debug|Any CPU
		{95C7B8A3-FD1D-4843-8DC0-FE3F9640E23E}.Debug|Any CPU.Build.0 = Debug|Any CPU
		{95C7B8A3-FD1D-4843-8DC0-FE3F9640E23E}.Debug|ARM64.ActiveCfg = Debug|Any CPU
		{95C7B8A3-FD1D-4843-8DC0-FE3F9640E23E}.Debug|ARM64.Build.0 = Debug|Any CPU
		{95C7B8A3-FD1D-4843-8DC0-FE3F9640E23E}.Debug|x64.ActiveCfg = Debug|Any CPU
		{95C7B8A3-FD1D-4843-8DC0-FE3F9640E23E}.Debug|x64.Build.0 = Debug|Any CPU
		{95C7B8A3-FD1D-4843-8DC0-FE3F9640E23E}.Debug|x86.ActiveCfg = Debug|Any CPU
		{95C7B8A3-FD1D-4843-8DC0-FE3F9640E23E}.Debug|x86.Build.0 = Debug|Any CPU
		{95C7B8A3-FD1D-4843-8DC0-FE3F9640E23E}.Release|Any CPU.ActiveCfg = Release|Any CPU
		{95C7B8A3-FD1D-4843-8DC0-FE3F9640E23E}.Release|Any CPU.Build.0 = Release|Any CPU
		{95C7B8A3-FD1D-4843-8DC0-FE3F9640E23E}.Release|ARM64.ActiveCfg = Release|Any CPU
		{95C7B8A3-FD1D-4843-8DC0-FE3F9640E23E}.Release|ARM64.Build.0 = Release|Any CPU
		{95C7B8A3-FD1D-4843-8DC0-FE3F9640E23E}.Release|x64.ActiveCfg = Release|Any CPU
		{95C7B8A3-FD1D-4843-8DC0-FE3F9640E23E}.Release|x64.Build.0 = Release|Any CPU
		{95C7B8A3-FD1D-4843-8DC0-FE3F9640E23E}.Release|x86.ActiveCfg = Release|Any CPU
		{95C7B8A3-FD1D-4843-8DC0-FE3F9640E23E}.Release|x86.Build.0 = Release|Any CPU
		{CE5AC0E2-F1F3-4EB9-9677-839C87E53636}.Debug|Any CPU.ActiveCfg = Debug|x64
		{CE5AC0E2-F1F3-4EB9-9677-839C87E53636}.Debug|Any CPU.Build.0 = Debug|x64
		{CE5AC0E2-F1F3-4EB9-9677-839C87E53636}.Debug|ARM64.ActiveCfg = Debug|ARM64
		{CE5AC0E2-F1F3-4EB9-9677-839C87E53636}.Debug|ARM64.Build.0 = Debug|ARM64
		{CE5AC0E2-F1F3-4EB9-9677-839C87E53636}.Debug|x64.ActiveCfg = Debug|x64
		{CE5AC0E2-F1F3-4EB9-9677-839C87E53636}.Debug|x64.Build.0 = Debug|x64
		{CE5AC0E2-F1F3-4EB9-9677-839C87E53636}.Debug|x86.ActiveCfg = Debug|x86
		{CE5AC0E2-F1F3-4EB9-9677-839C87E53636}.Debug|x86.Build.0 = Debug|x86
		{CE5AC0E2-F1F3-4EB9-9677-839C87E53636}.Release|Any CPU.ActiveCfg = Release|x64
		{CE5AC0E2-F1F3-4EB9-9677-839C87E53636}.Release|Any CPU.Build.0 = Release|x64
		{CE5AC0E2-F1F3-4EB9-9677-839C87E53636}.Release|ARM64.ActiveCfg = Release|ARM64
		{CE5AC0E2-F1F3-4EB9-9677-839C87E53636}.Release|ARM64.Build.0 = Release|ARM64
		{CE5AC0E2-F1F3-4EB9-9677-839C87E53636}.Release|x64.ActiveCfg = Release|x64
		{CE5AC0E2-F1F3-4EB9-9677-839C87E53636}.Release|x64.Build.0 = Release|x64
		{CE5AC0E2-F1F3-4EB9-9677-839C87E53636}.Release|x86.ActiveCfg = Release|x86
		{CE5AC0E2-F1F3-4EB9-9677-839C87E53636}.Release|x86.Build.0 = Release|x86
		{E8A8D42F-8F86-4BC2-A1D9-A0C4F2F53B17}.Debug|Any CPU.ActiveCfg = Debug|Any CPU
		{E8A8D42F-8F86-4BC2-A1D9-A0C4F2F53B17}.Debug|Any CPU.Build.0 = Debug|Any CPU
		{E8A8D42F-8F86-4BC2-A1D9-A0C4F2F53B17}.Debug|ARM64.ActiveCfg = Debug|Any CPU
		{E8A8D42F-8F86-4BC2-A1D9-A0C4F2F53B17}.Debug|ARM64.Build.0 = Debug|Any CPU
		{E8A8D42F-8F86-4BC2-A1D9-A0C4F2F53B17}.Debug|x64.ActiveCfg = Debug|Any CPU
		{E8A8D42F-8F86-4BC2-A1D9-A0C4F2F53B17}.Debug|x64.Build.0 = Debug|Any CPU
		{E8A8D42F-8F86-4BC2-A1D9-A0C4F2F53B17}.Debug|x86.ActiveCfg = Debug|Any CPU
		{E8A8D42F-8F86-4BC2-A1D9-A0C4F2F53B17}.Debug|x86.Build.0 = Debug|Any CPU
		{E8A8D42F-8F86-4BC2-A1D9-A0C4F2F53B17}.Release|Any CPU.ActiveCfg = Release|Any CPU
		{E8A8D42F-8F86-4BC2-A1D9-A0C4F2F53B17}.Release|Any CPU.Build.0 = Release|Any CPU
		{E8A8D42F-8F86-4BC2-A1D9-A0C4F2F53B17}.Release|ARM64.ActiveCfg = Release|Any CPU
		{E8A8D42F-8F86-4BC2-A1D9-A0C4F2F53B17}.Release|ARM64.Build.0 = Release|Any CPU
		{E8A8D42F-8F86-4BC2-A1D9-A0C4F2F53B17}.Release|x64.ActiveCfg = Release|Any CPU
		{E8A8D42F-8F86-4BC2-A1D9-A0C4F2F53B17}.Release|x64.Build.0 = Release|Any CPU
		{E8A8D42F-8F86-4BC2-A1D9-A0C4F2F53B17}.Release|x86.ActiveCfg = Release|Any CPU
		{E8A8D42F-8F86-4BC2-A1D9-A0C4F2F53B17}.Release|x86.Build.0 = Release|Any CPU
	EndGlobalSection
	GlobalSection(SolutionProperties) = preSolution
		HideSolutionNode = FALSE
	EndGlobalSection
	GlobalSection(NestedProjects) = preSolution
		{AA1BB444-5C7F-4F1E-B376-BFE9AE13D8AC} = {827E0CD3-B72D-47B6-A68D-7590B98EB39B}
		{1695FB00-5199-45B8-BD02-FAF3BC752C07} = {827E0CD3-B72D-47B6-A68D-7590B98EB39B}
		{F79352E0-A4BD-42F6-842B-120FC1E2E2C5} = {827E0CD3-B72D-47B6-A68D-7590B98EB39B}
		{3F3BEAA1-FC46-49D8-A37B-116B9E0778F6} = {827E0CD3-B72D-47B6-A68D-7590B98EB39B}
		{EE9176C8-1C96-4787-8886-902E532093D0} = {827E0CD3-B72D-47B6-A68D-7590B98EB39B}
		{5960036C-F9B0-4921-A727-814112D75624} = {0AB3BF05-4346-4AA6-1389-037BE0695223}
		{95FF0A67-693A-4CB0-A388-BACAF4550078} = {0AB3BF05-4346-4AA6-1389-037BE0695223}
		{95C7B8A3-FD1D-4843-8DC0-FE3F9640E23E} = {0AB3BF05-4346-4AA6-1389-037BE0695223}
		{CE5AC0E2-F1F3-4EB9-9677-839C87E53636} = {0AB3BF05-4346-4AA6-1389-037BE0695223}
		{E8A8D42F-8F86-4BC2-A1D9-A0C4F2F53B17} = {0AB3BF05-4346-4AA6-1389-037BE0695223}
	EndGlobalSection
EndGlobal
